// !$*UTF8*$!
{
	archiveVersion = 1;
	classes = {
	};
	objectVersion = 50;
	objects = {

/* Begin PBXBuildFile section */
		F914E2DE2192BFC7004CD821 /* AppDelegate.swift in Sources */ = {isa = PBXBuildFile; fileRef = F914E2DD2192BFC7004CD821 /* AppDelegate.swift */; };
		F914E2E02192BFC7004CD821 /* MainVC.swift in Sources */ = {isa = PBXBuildFile; fileRef = F914E2DF2192BFC7004CD821 /* MainVC.swift */; };
		F914E2E32192BFC7004CD821 /* Main.storyboard in Resources */ = {isa = PBXBuildFile; fileRef = F914E2E12192BFC7004CD821 /* Main.storyboard */; };
		F914E2E52192BFC9004CD821 /* Assets.xcassets in Resources */ = {isa = PBXBuildFile; fileRef = F914E2E42192BFC9004CD821 /* Assets.xcassets */; };
		F914E2E82192BFC9004CD821 /* LaunchScreen.storyboard in Resources */ = {isa = PBXBuildFile; fileRef = F914E2E62192BFC9004CD821 /* LaunchScreen.storyboard */; };
		F914E2F32192BFC9004CD821 /* ExpandableTableViewTests.swift in Sources */ = {isa = PBXBuildFile; fileRef = F914E2F22192BFC9004CD821 /* ExpandableTableViewTests.swift */; };
		F914E2FE2192BFC9004CD821 /* ExpandableTableViewUITests.swift in Sources */ = {isa = PBXBuildFile; fileRef = F914E2FD2192BFC9004CD821 /* ExpandableTableViewUITests.swift */; };
		F914E3122192C5BC004CD821 /* data.json in Resources */ = {isa = PBXBuildFile; fileRef = F914E3112192C5BC004CD821 /* data.json */; };
		F914E3142192C8A7004CD821 /* DataResponse.swift in Sources */ = {isa = PBXBuildFile; fileRef = F914E3132192C8A7004CD821 /* DataResponse.swift */; };
		F914E3212192C969004CD821 /* HeaderView.xib in Resources */ = {isa = PBXBuildFile; fileRef = F914E3152192C968004CD821 /* HeaderView.xib */; };
		F914E3222192C969004CD821 /* AboutCell.swift in Sources */ = {isa = PBXBuildFile; fileRef = F914E3162192C968004CD821 /* AboutCell.swift */; };
		F914E3232192C969004CD821 /* NamePictureCell.swift in Sources */ = {isa = PBXBuildFile; fileRef = F914E3172192C968004CD821 /* NamePictureCell.swift */; };
		F914E3242192C969004CD821 /* NamePictureCell.xib in Resources */ = {isa = PBXBuildFile; fileRef = F914E3182192C968004CD821 /* NamePictureCell.xib */; };
		F914E3252192C969004CD821 /* FriendCell.xib in Resources */ = {isa = PBXBuildFile; fileRef = F914E3192192C968004CD821 /* FriendCell.xib */; };
		F914E3262192C969004CD821 /* AttributeCell.swift in Sources */ = {isa = PBXBuildFile; fileRef = F914E31A2192C969004CD821 /* AttributeCell.swift */; };
		F914E3272192C969004CD821 /* FriendCell.swift in Sources */ = {isa = PBXBuildFile; fileRef = F914E31B2192C969004CD821 /* FriendCell.swift */; };
		F914E3282192C969004CD821 /* AttributeCell.xib in Resources */ = {isa = PBXBuildFile; fileRef = F914E31C2192C969004CD821 /* AttributeCell.xib */; };
		F914E3292192C969004CD821 /* AboutCell.xib in Resources */ = {isa = PBXBuildFile; fileRef = F914E31D2192C969004CD821 /* AboutCell.xib */; };
		F914E32A2192C969004CD821 /* EmailCell.swift in Sources */ = {isa = PBXBuildFile; fileRef = F914E31E2192C969004CD821 /* EmailCell.swift */; };
		F914E32B2192C969004CD821 /* EmailCell.xib in Resources */ = {isa = PBXBuildFile; fileRef = F914E31F2192C969004CD821 /* EmailCell.xib */; };
		F914E32C2192C969004CD821 /* HeaderView.swift in Sources */ = {isa = PBXBuildFile; fileRef = F914E3202192C969004CD821 /* HeaderView.swift */; };
		F914E32E2192C990004CD821 /* MainVM.swift in Sources */ = {isa = PBXBuildFile; fileRef = F914E32D2192C990004CD821 /* MainVM.swift */; };
/* End PBXBuildFile section */

/* Begin PBXContainerItemProxy section */
		F914E2EF2192BFC9004CD821 /* PBXContainerItemProxy */ = {
			isa = PBXContainerItemProxy;
			containerPortal = F914E2D22192BFC7004CD821 /* Project object */;
			proxyType = 1;
			remoteGlobalIDString = F914E2D92192BFC7004CD821;
			remoteInfo = ExpandableTableView;
		};
		F914E2FA2192BFC9004CD821 /* PBXContainerItemProxy */ = {
			isa = PBXContainerItemProxy;
			containerPortal = F914E2D22192BFC7004CD821 /* Project object */;
			proxyType = 1;
			remoteGlobalIDString = F914E2D92192BFC7004CD821;
			remoteInfo = ExpandableTableView;
		};
/* End PBXContainerItemProxy section */

/* Begin PBXFileReference section */
		F914E2DA2192BFC7004CD821 /* ExpandableTableView.app */ = {isa = PBXFileReference; explicitFileType = wrapper.application; includeInIndex = 0; path = ExpandableTableView.app; sourceTree = BUILT_PRODUCTS_DIR; };
		F914E2DD2192BFC7004CD821 /* AppDelegate.swift */ = {isa = PBXFileReference; lastKnownFileType = sourcecode.swift; path = AppDelegate.swift; sourceTree = "<group>"; };
		F914E2DF2192BFC7004CD821 /* MainVC.swift */ = {isa = PBXFileReference; lastKnownFileType = sourcecode.swift; path = MainVC.swift; sourceTree = "<group>"; };
		F914E2E22192BFC7004CD821 /* Base */ = {isa = PBXFileReference; lastKnownFileType = file.storyboard; name = Base; path = Base.lproj/Main.storyboard; sourceTree = "<group>"; };
		F914E2E42192BFC9004CD821 /* Assets.xcassets */ = {isa = PBXFileReference; lastKnownFileType = folder.assetcatalog; path = Assets.xcassets; sourceTree = "<group>"; };
		F914E2E72192BFC9004CD821 /* Base */ = {isa = PBXFileReference; lastKnownFileType = file.storyboard; name = Base; path = Base.lproj/LaunchScreen.storyboard; sourceTree = "<group>"; };
		F914E2E92192BFC9004CD821 /* Info.plist */ = {isa = PBXFileReference; lastKnownFileType = text.plist.xml; path = Info.plist; sourceTree = "<group>"; };
		F914E2EE2192BFC9004CD821 /* ExpandableTableViewTests.xctest */ = {isa = PBXFileReference; explicitFileType = wrapper.cfbundle; includeInIndex = 0; path = ExpandableTableViewTests.xctest; sourceTree = BUILT_PRODUCTS_DIR; };
		F914E2F22192BFC9004CD821 /* ExpandableTableViewTests.swift */ = {isa = PBXFileReference; lastKnownFileType = sourcecode.swift; path = ExpandableTableViewTests.swift; sourceTree = "<group>"; };
		F914E2F42192BFC9004CD821 /* Info.plist */ = {isa = PBXFileReference; lastKnownFileType = text.plist.xml; path = Info.plist; sourceTree = "<group>"; };
		F914E2F92192BFC9004CD821 /* ExpandableTableViewUITests.xctest */ = {isa = PBXFileReference; explicitFileType = wrapper.cfbundle; includeInIndex = 0; path = ExpandableTableViewUITests.xctest; sourceTree = BUILT_PRODUCTS_DIR; };
		F914E2FD2192BFC9004CD821 /* ExpandableTableViewUITests.swift */ = {isa = PBXFileReference; lastKnownFileType = sourcecode.swift; path = ExpandableTableViewUITests.swift; sourceTree = "<group>"; };
		F914E2FF2192BFC9004CD821 /* Info.plist */ = {isa = PBXFileReference; lastKnownFileType = text.plist.xml; path = Info.plist; sourceTree = "<group>"; };
		F914E3112192C5BC004CD821 /* data.json */ = {isa = PBXFileReference; lastKnownFileType = text.json; path = data.json; sourceTree = "<group>"; };
		F914E3132192C8A7004CD821 /* DataResponse.swift */ = {isa = PBXFileReference; lastKnownFileType = sourcecode.swift; path = DataResponse.swift; sourceTree = "<group>"; };
		F914E3152192C968004CD821 /* HeaderView.xib */ = {isa = PBXFileReference; fileEncoding = 4; lastKnownFileType = file.xib; path = HeaderView.xib; sourceTree = "<group>"; };
		F914E3162192C968004CD821 /* AboutCell.swift */ = {isa = PBXFileReference; fileEncoding = 4; lastKnownFileType = sourcecode.swift; path = AboutCell.swift; sourceTree = "<group>"; };
		F914E3172192C968004CD821 /* NamePictureCell.swift */ = {isa = PBXFileReference; fileEncoding = 4; lastKnownFileType = sourcecode.swift; path = NamePictureCell.swift; sourceTree = "<group>"; };
		F914E3182192C968004CD821 /* NamePictureCell.xib */ = {isa = PBXFileReference; fileEncoding = 4; lastKnownFileType = file.xib; path = NamePictureCell.xib; sourceTree = "<group>"; };
		F914E3192192C968004CD821 /* FriendCell.xib */ = {isa = PBXFileReference; fileEncoding = 4; lastKnownFileType = file.xib; path = FriendCell.xib; sourceTree = "<group>"; };
		F914E31A2192C969004CD821 /* AttributeCell.swift */ = {isa = PBXFileReference; fileEncoding = 4; lastKnownFileType = sourcecode.swift; path = AttributeCell.swift; sourceTree = "<group>"; };
		F914E31B2192C969004CD821 /* FriendCell.swift */ = {isa = PBXFileReference; fileEncoding = 4; lastKnownFileType = sourcecode.swift; path = FriendCell.swift; sourceTree = "<group>"; };
		F914E31C2192C969004CD821 /* AttributeCell.xib */ = {isa = PBXFileReference; fileEncoding = 4; lastKnownFileType = file.xib; path = AttributeCell.xib; sourceTree = "<group>"; };
		F914E31D2192C969004CD821 /* AboutCell.xib */ = {isa = PBXFileReference; fileEncoding = 4; lastKnownFileType = file.xib; path = AboutCell.xib; sourceTree = "<group>"; };
		F914E31E2192C969004CD821 /* EmailCell.swift */ = {isa = PBXFileReference; fileEncoding = 4; lastKnownFileType = sourcecode.swift; path = EmailCell.swift; sourceTree = "<group>"; };
		F914E31F2192C969004CD821 /* EmailCell.xib */ = {isa = PBXFileReference; fileEncoding = 4; lastKnownFileType = file.xib; path = EmailCell.xib; sourceTree = "<group>"; };
		F914E3202192C969004CD821 /* HeaderView.swift */ = {isa = PBXFileReference; fileEncoding = 4; lastKnownFileType = sourcecode.swift; path = HeaderView.swift; sourceTree = "<group>"; };
		F914E32D2192C990004CD821 /* MainVM.swift */ = {isa = PBXFileReference; lastKnownFileType = sourcecode.swift; path = MainVM.swift; sourceTree = "<group>"; };
/* End PBXFileReference section */

/* Begin PBXFrameworksBuildPhase section */
		F914E2D72192BFC7004CD821 /* Frameworks */ = {
			isa = PBXFrameworksBuildPhase;
			buildActionMask = 2147483647;
			files = (
			);
			runOnlyForDeploymentPostprocessing = 0;
		};
		F914E2EB2192BFC9004CD821 /* Frameworks */ = {
			isa = PBXFrameworksBuildPhase;
			buildActionMask = 2147483647;
			files = (
			);
			runOnlyForDeploymentPostprocessing = 0;
		};
		F914E2F62192BFC9004CD821 /* Frameworks */ = {
			isa = PBXFrameworksBuildPhase;
			buildActionMask = 2147483647;
			files = (
			);
			runOnlyForDeploymentPostprocessing = 0;
		};
/* End PBXFrameworksBuildPhase section */

/* Begin PBXGroup section */
		F914E2D12192BFC7004CD821 = {
			isa = PBXGroup;
			children = (
				F914E2DC2192BFC7004CD821 /* ExpandableTableView */,
				F914E2F12192BFC9004CD821 /* ExpandableTableViewTests */,
				F914E2FC2192BFC9004CD821 /* ExpandableTableViewUITests */,
				F914E2DB2192BFC7004CD821 /* Products */,
			);
			sourceTree = "<group>";
		};
		F914E2DB2192BFC7004CD821 /* Products */ = {
			isa = PBXGroup;
			children = (
				F914E2DA2192BFC7004CD821 /* ExpandableTableView.app */,
				F914E2EE2192BFC9004CD821 /* ExpandableTableViewTests.xctest */,
				F914E2F92192BFC9004CD821 /* ExpandableTableViewUITests.xctest */,
			);
			name = Products;
			sourceTree = "<group>";
		};
		F914E2DC2192BFC7004CD821 /* ExpandableTableView */ = {
			isa = PBXGroup;
			children = (
				F914E3102192C595004CD821 /* Data */,
				F914E30F2192C2B6004CD821 /* Xib */,
				F914E30D2192BFE5004CD821 /* ViewModel */,
				F914E30C2192BFE0004CD821 /* View */,
				F914E30B2192BFD6004CD821 /* Model */,
				F914E30E2192BFEE004CD821 /* Storyboard */,
				F914E2DD2192BFC7004CD821 /* AppDelegate.swift */,
				F914E2E42192BFC9004CD821 /* Assets.xcassets */,
				F914E2E92192BFC9004CD821 /* Info.plist */,
			);
			path = ExpandableTableView;
			sourceTree = "<group>";
		};
		F914E2F12192BFC9004CD821 /* ExpandableTableViewTests */ = {
			isa = PBXGroup;
			children = (
				F914E2F22192BFC9004CD821 /* ExpandableTableViewTests.swift */,
				F914E2F42192BFC9004CD821 /* Info.plist */,
			);
			path = ExpandableTableViewTests;
			sourceTree = "<group>";
		};
		F914E2FC2192BFC9004CD821 /* ExpandableTableViewUITests */ = {
			isa = PBXGroup;
			children = (
				F914E2FD2192BFC9004CD821 /* ExpandableTableViewUITests.swift */,
				F914E2FF2192BFC9004CD821 /* Info.plist */,
			);
			path = ExpandableTableViewUITests;
			sourceTree = "<group>";
		};
		F914E30B2192BFD6004CD821 /* Model */ = {
			isa = PBXGroup;
			children = (
				F914E3132192C8A7004CD821 /* DataResponse.swift */,
			);
			path = Model;
			sourceTree = "<group>";
		};
		F914E30C2192BFE0004CD821 /* View */ = {
			isa = PBXGroup;
			children = (
				F914E2DF2192BFC7004CD821 /* MainVC.swift */,
			);
			path = View;
			sourceTree = "<group>";
		};
		F914E30D2192BFE5004CD821 /* ViewModel */ = {
			isa = PBXGroup;
			children = (
				F914E32D2192C990004CD821 /* MainVM.swift */,
			);
			path = ViewModel;
			sourceTree = "<group>";
		};
		F914E30E2192BFEE004CD821 /* Storyboard */ = {
			isa = PBXGroup;
			children = (
				F914E2E62192BFC9004CD821 /* LaunchScreen.storyboard */,
				F914E2E12192BFC7004CD821 /* Main.storyboard */,
			);
			path = Storyboard;
			sourceTree = "<group>";
		};
		F914E30F2192C2B6004CD821 /* Xib */ = {
			isa = PBXGroup;
			children = (
				F914E3162192C968004CD821 /* AboutCell.swift */,
				F914E31D2192C969004CD821 /* AboutCell.xib */,
				F914E31A2192C969004CD821 /* AttributeCell.swift */,
				F914E31C2192C969004CD821 /* AttributeCell.xib */,
				F914E31E2192C969004CD821 /* EmailCell.swift */,
				F914E31F2192C969004CD821 /* EmailCell.xib */,
				F914E31B2192C969004CD821 /* FriendCell.swift */,
				F914E3192192C968004CD821 /* FriendCell.xib */,
				F914E3202192C969004CD821 /* HeaderView.swift */,
				F914E3152192C968004CD821 /* HeaderView.xib */,
				F914E3172192C968004CD821 /* NamePictureCell.swift */,
				F914E3182192C968004CD821 /* NamePictureCell.xib */,
			);
			path = Xib;
			sourceTree = "<group>";
		};
		F914E3102192C595004CD821 /* Data */ = {
			isa = PBXGroup;
			children = (
				F914E3112192C5BC004CD821 /* data.json */,
			);
			path = Data;
			sourceTree = "<group>";
		};
/* End PBXGroup section */

/* Begin PBXNativeTarget section */
		F914E2D92192BFC7004CD821 /* ExpandableTableView */ = {
			isa = PBXNativeTarget;
			buildConfigurationList = F914E3022192BFC9004CD821 /* Build configuration list for PBXNativeTarget "ExpandableTableView" */;
			buildPhases = (
				F914E2D62192BFC7004CD821 /* Sources */,
				F914E2D72192BFC7004CD821 /* Frameworks */,
				F914E2D82192BFC7004CD821 /* Resources */,
			);
			buildRules = (
			);
			dependencies = (
			);
			name = ExpandableTableView;
			productName = ExpandableTableView;
			productReference = F914E2DA2192BFC7004CD821 /* ExpandableTableView.app */;
			productType = "com.apple.product-type.application";
		};
		F914E2ED2192BFC9004CD821 /* ExpandableTableViewTests */ = {
			isa = PBXNativeTarget;
			buildConfigurationList = F914E3052192BFC9004CD821 /* Build configuration list for PBXNativeTarget "ExpandableTableViewTests" */;
			buildPhases = (
				F914E2EA2192BFC9004CD821 /* Sources */,
				F914E2EB2192BFC9004CD821 /* Frameworks */,
				F914E2EC2192BFC9004CD821 /* Resources */,
			);
			buildRules = (
			);
			dependencies = (
				F914E2F02192BFC9004CD821 /* PBXTargetDependency */,
			);
			name = ExpandableTableViewTests;
			productName = ExpandableTableViewTests;
			productReference = F914E2EE2192BFC9004CD821 /* ExpandableTableViewTests.xctest */;
			productType = "com.apple.product-type.bundle.unit-test";
		};
		F914E2F82192BFC9004CD821 /* ExpandableTableViewUITests */ = {
			isa = PBXNativeTarget;
			buildConfigurationList = F914E3082192BFC9004CD821 /* Build configuration list for PBXNativeTarget "ExpandableTableViewUITests" */;
			buildPhases = (
				F914E2F52192BFC9004CD821 /* Sources */,
				F914E2F62192BFC9004CD821 /* Frameworks */,
				F914E2F72192BFC9004CD821 /* Resources */,
			);
			buildRules = (
			);
			dependencies = (
				F914E2FB2192BFC9004CD821 /* PBXTargetDependency */,
			);
			name = ExpandableTableViewUITests;
			productName = ExpandableTableViewUITests;
			productReference = F914E2F92192BFC9004CD821 /* ExpandableTableViewUITests.xctest */;
			productType = "com.apple.product-type.bundle.ui-testing";
		};
/* End PBXNativeTarget section */

/* Begin PBXProject section */
		F914E2D22192BFC7004CD821 /* Project object */ = {
			isa = PBXProject;
			attributes = {
				LastSwiftUpdateCheck = 0930;
				LastUpgradeCheck = 0930;
				ORGANIZATIONNAME = "Rumah Ulya";
				TargetAttributes = {
					F914E2D92192BFC7004CD821 = {
						CreatedOnToolsVersion = 9.3;
					};
					F914E2ED2192BFC9004CD821 = {
						CreatedOnToolsVersion = 9.3;
						TestTargetID = F914E2D92192BFC7004CD821;
					};
					F914E2F82192BFC9004CD821 = {
						CreatedOnToolsVersion = 9.3;
						TestTargetID = F914E2D92192BFC7004CD821;
					};
				};
			};
			buildConfigurationList = F914E2D52192BFC7004CD821 /* Build configuration list for PBXProject "ExpandableTableView" */;
			compatibilityVersion = "Xcode 9.3";
			developmentRegion = en;
			hasScannedForEncodings = 0;
			knownRegions = (
				en,
				Base,
			);
			mainGroup = F914E2D12192BFC7004CD821;
			productRefGroup = F914E2DB2192BFC7004CD821 /* Products */;
			projectDirPath = "";
			projectRoot = "";
			targets = (
				F914E2D92192BFC7004CD821 /* ExpandableTableView */,
				F914E2ED2192BFC9004CD821 /* ExpandableTableViewTests */,
				F914E2F82192BFC9004CD821 /* ExpandableTableViewUITests */,
			);
		};
/* End PBXProject section */

/* Begin PBXResourcesBuildPhase section */
		F914E2D82192BFC7004CD821 /* Resources */ = {
			isa = PBXResourcesBuildPhase;
			buildActionMask = 2147483647;
			files = (
				F914E2E82192BFC9004CD821 /* LaunchScreen.storyboard in Resources */,
				F914E3212192C969004CD821 /* HeaderView.xib in Resources */,
				F914E2E52192BFC9004CD821 /* Assets.xcassets in Resources */,
				F914E3292192C969004CD821 /* AboutCell.xib in Resources */,
				F914E3252192C969004CD821 /* FriendCell.xib in Resources */,
				F914E3242192C969004CD821 /* NamePictureCell.xib in Resources */,
				F914E32B2192C969004CD821 /* EmailCell.xib in Resources */,
				F914E2E32192BFC7004CD821 /* Main.storyboard in Resources */,
				F914E3282192C969004CD821 /* AttributeCell.xib in Resources */,
				F914E3122192C5BC004CD821 /* data.json in Resources */,
			);
			runOnlyForDeploymentPostprocessing = 0;
		};
		F914E2EC2192BFC9004CD821 /* Resources */ = {
			isa = PBXResourcesBuildPhase;
			buildActionMask = 2147483647;
			files = (
			);
			runOnlyForDeploymentPostprocessing = 0;
		};
		F914E2F72192BFC9004CD821 /* Resources */ = {
			isa = PBXResourcesBuildPhase;
			buildActionMask = 2147483647;
			files = (
			);
			runOnlyForDeploymentPostprocessing = 0;
		};
/* End PBXResourcesBuildPhase section */

/* Begin PBXSourcesBuildPhase section */
		F914E2D62192BFC7004CD821 /* Sources */ = {
			isa = PBXSourcesBuildPhase;
			buildActionMask = 2147483647;
			files = (
				F914E3272192C969004CD821 /* FriendCell.swift in Sources */,
				F914E32E2192C990004CD821 /* MainVM.swift in Sources */,
				F914E32C2192C969004CD821 /* HeaderView.swift in Sources */,
				F914E2E02192BFC7004CD821 /* MainVC.swift in Sources */,
				F914E32A2192C969004CD821 /* EmailCell.swift in Sources */,
				F914E3222192C969004CD821 /* AboutCell.swift in Sources */,
				F914E3142192C8A7004CD821 /* DataResponse.swift in Sources */,
				F914E3232192C969004CD821 /* NamePictureCell.swift in Sources */,
				F914E3262192C969004CD821 /* AttributeCell.swift in Sources */,
				F914E2DE2192BFC7004CD821 /* AppDelegate.swift in Sources */,
			);
			runOnlyForDeploymentPostprocessing = 0;
		};
		F914E2EA2192BFC9004CD821 /* Sources */ = {
			isa = PBXSourcesBuildPhase;
			buildActionMask = 2147483647;
			files = (
				F914E2F32192BFC9004CD821 /* ExpandableTableViewTests.swift in Sources */,
			);
			runOnlyForDeploymentPostprocessing = 0;
		};
		F914E2F52192BFC9004CD821 /* Sources */ = {
			isa = PBXSourcesBuildPhase;
			buildActionMask = 2147483647;
			files = (
				F914E2FE2192BFC9004CD821 /* ExpandableTableViewUITests.swift in Sources */,
			);
			runOnlyForDeploymentPostprocessing = 0;
		};
/* End PBXSourcesBuildPhase section */

/* Begin PBXTargetDependency section */
		F914E2F02192BFC9004CD821 /* PBXTargetDependency */ = {
			isa = PBXTargetDependency;
			target = F914E2D92192BFC7004CD821 /* ExpandableTableView */;
			targetProxy = F914E2EF2192BFC9004CD821 /* PBXContainerItemProxy */;
		};
		F914E2FB2192BFC9004CD821 /* PBXTargetDependency */ = {
			isa = PBXTargetDependency;
			target = F914E2D92192BFC7004CD821 /* ExpandableTableView */;
			targetProxy = F914E2FA2192BFC9004CD821 /* PBXContainerItemProxy */;
		};
/* End PBXTargetDependency section */

/* Begin PBXVariantGroup section */
		F914E2E12192BFC7004CD821 /* Main.storyboard */ = {
			isa = PBXVariantGroup;
			children = (
				F914E2E22192BFC7004CD821 /* Base */,
			);
			name = Main.storyboard;
			sourceTree = "<group>";
		};
		F914E2E62192BFC9004CD821 /* LaunchScreen.storyboard */ = {
			isa = PBXVariantGroup;
			children = (
				F914E2E72192BFC9004CD821 /* Base */,
			);
			name = LaunchScreen.storyboard;
			sourceTree = "<group>";
		};
/* End PBXVariantGroup section */

/* Begin XCBuildConfiguration section */
		F914E3002192BFC9004CD821 /* Debug */ = {
			isa = XCBuildConfiguration;
			buildSettings = {
				ALWAYS_SEARCH_USER_PATHS = NO;
				CLANG_ANALYZER_NONNULL = YES;
				CLANG_ANALYZER_NUMBER_OBJECT_CONVERSION = YES_AGGRESSIVE;
				CLANG_CXX_LANGUAGE_STANDARD = "gnu++14";
				CLANG_CXX_LIBRARY = "libc++";
				CLANG_ENABLE_MODULES = YES;
				CLANG_ENABLE_OBJC_ARC = YES;
				CLANG_ENABLE_OBJC_WEAK = YES;
				CLANG_WARN_BLOCK_CAPTURE_AUTORELEASING = YES;
				CLANG_WARN_BOOL_CONVERSION = YES;
				CLANG_WARN_COMMA = YES;
				CLANG_WARN_CONSTANT_CONVERSION = YES;
				CLANG_WARN_DEPRECATED_OBJC_IMPLEMENTATIONS = YES;
				CLANG_WARN_DIRECT_OBJC_ISA_USAGE = YES_ERROR;
				CLANG_WARN_DOCUMENTATION_COMMENTS = YES;
				CLANG_WARN_EMPTY_BODY = YES;
				CLANG_WARN_ENUM_CONVERSION = YES;
				CLANG_WARN_INFINITE_RECURSION = YES;
				CLANG_WARN_INT_CONVERSION = YES;
				CLANG_WARN_NON_LITERAL_NULL_CONVERSION = YES;
				CLANG_WARN_OBJC_IMPLICIT_RETAIN_SELF = YES;
				CLANG_WARN_OBJC_LITERAL_CONVERSION = YES;
				CLANG_WARN_OBJC_ROOT_CLASS = YES_ERROR;
				CLANG_WARN_RANGE_LOOP_ANALYSIS = YES;
				CLANG_WARN_STRICT_PROTOTYPES = YES;
				CLANG_WARN_SUSPICIOUS_MOVE = YES;
				CLANG_WARN_UNGUARDED_AVAILABILITY = YES_AGGRESSIVE;
				CLANG_WARN_UNREACHABLE_CODE = YES;
				CLANG_WARN__DUPLICATE_METHOD_MATCH = YES;
				CODE_SIGN_IDENTITY = "iPhone Developer";
				COPY_PHASE_STRIP = NO;
				DEBUG_INFORMATION_FORMAT = dwarf;
				ENABLE_STRICT_OBJC_MSGSEND = YES;
				ENABLE_TESTABILITY = YES;
				GCC_C_LANGUAGE_STANDARD = gnu11;
				GCC_DYNAMIC_NO_PIC = NO;
				GCC_NO_COMMON_BLOCKS = YES;
				GCC_OPTIMIZATION_LEVEL = 0;
				GCC_PREPROCESSOR_DEFINITIONS = (
					"DEBUG=1",
					"$(inherited)",
				);
				GCC_WARN_64_TO_32_BIT_CONVERSION = YES;
				GCC_WARN_ABOUT_RETURN_TYPE = YES_ERROR;
				GCC_WARN_UNDECLARED_SELECTOR = YES;
				GCC_WARN_UNINITIALIZED_AUTOS = YES_AGGRESSIVE;
				GCC_WARN_UNUSED_FUNCTION = YES;
				GCC_WARN_UNUSED_VARIABLE = YES;
				IPHONEOS_DEPLOYMENT_TARGET = 11.3;
				MTL_ENABLE_DEBUG_INFO = YES;
				ONLY_ACTIVE_ARCH = YES;
				SDKROOT = iphoneos;
				SWIFT_ACTIVE_COMPILATION_CONDITIONS = DEBUG;
				SWIFT_OPTIMIZATION_LEVEL = "-Onone";
			};
			name = Debug;
		};
		F914E3012192BFC9004CD821 /* Release */ = {
			isa = XCBuildConfiguration;
			buildSettings = {
				ALWAYS_SEARCH_USER_PATHS = NO;
				CLANG_ANALYZER_NONNULL = YES;
				CLANG_ANALYZER_NUMBER_OBJECT_CONVERSION = YES_AGGRESSIVE;
				CLANG_CXX_LANGUAGE_STANDARD = "gnu++14";
				CLANG_CXX_LIBRARY = "libc++";
				CLANG_ENABLE_MODULES = YES;
				CLANG_ENABLE_OBJC_ARC = YES;
				CLANG_ENABLE_OBJC_WEAK = YES;
				CLANG_WARN_BLOCK_CAPTURE_AUTORELEASING = YES;
				CLANG_WARN_BOOL_CONVERSION = YES;
				CLANG_WARN_COMMA = YES;
				CLANG_WARN_CONSTANT_CONVERSION = YES;
				CLANG_WARN_DEPRECATED_OBJC_IMPLEMENTATIONS = YES;
				CLANG_WARN_DIRECT_OBJC_ISA_USAGE = YES_ERROR;
				CLANG_WARN_DOCUMENTATION_COMMENTS = YES;
				CLANG_WARN_EMPTY_BODY = YES;
				CLANG_WARN_ENUM_CONVERSION = YES;
				CLANG_WARN_INFINITE_RECURSION = YES;
				CLANG_WARN_INT_CONVERSION = YES;
				CLANG_WARN_NON_LITERAL_NULL_CONVERSION = YES;
				CLANG_WARN_OBJC_IMPLICIT_RETAIN_SELF = YES;
				CLANG_WARN_OBJC_LITERAL_CONVERSION = YES;
				CLANG_WARN_OBJC_ROOT_CLASS = YES_ERROR;
				CLANG_WARN_RANGE_LOOP_ANALYSIS = YES;
				CLANG_WARN_STRICT_PROTOTYPES = YES;
				CLANG_WARN_SUSPICIOUS_MOVE = YES;
				CLANG_WARN_UNGUARDED_AVAILABILITY = YES_AGGRESSIVE;
				CLANG_WARN_UNREACHABLE_CODE = YES;
				CLANG_WARN__DUPLICATE_METHOD_MATCH = YES;
				CODE_SIGN_IDENTITY = "iPhone Developer";
				COPY_PHASE_STRIP = NO;
				DEBUG_INFORMATION_FORMAT = "dwarf-with-dsym";
				ENABLE_NS_ASSERTIONS = NO;
				ENABLE_STRICT_OBJC_MSGSEND = YES;
				GCC_C_LANGUAGE_STANDARD = gnu11;
				GCC_NO_COMMON_BLOCKS = YES;
				GCC_WARN_64_TO_32_BIT_CONVERSION = YES;
				GCC_WARN_ABOUT_RETURN_TYPE = YES_ERROR;
				GCC_WARN_UNDECLARED_SELECTOR = YES;
				GCC_WARN_UNINITIALIZED_AUTOS = YES_AGGRESSIVE;
				GCC_WARN_UNUSED_FUNCTION = YES;
				GCC_WARN_UNUSED_VARIABLE = YES;
				IPHONEOS_DEPLOYMENT_TARGET = 11.3;
				MTL_ENABLE_DEBUG_INFO = NO;
				SDKROOT = iphoneos;
				SWIFT_COMPILATION_MODE = wholemodule;
				SWIFT_OPTIMIZATION_LEVEL = "-O";
				VALIDATE_PRODUCT = YES;
			};
			name = Release;
		};
		F914E3032192BFC9004CD821 /* Debug */ = {
			isa = XCBuildConfiguration;
			buildSettings = {
				ASSETCATALOG_COMPILER_APPICON_NAME = AppIcon;
				CODE_SIGN_STYLE = Automatic;
				DEVELOPMENT_TEAM = X7Z58ZN387;
				INFOPLIST_FILE = ExpandableTableView/Info.plist;
				LD_RUNPATH_SEARCH_PATHS = (
					"$(inherited)",
					"@executable_path/Frameworks",
				);
				PRODUCT_BUNDLE_IDENTIFIER = com.ExpandableTableView;
				PRODUCT_NAME = "$(TARGET_NAME)";
				SWIFT_VERSION = 4.0;
				TARGETED_DEVICE_FAMILY = "1,2";
			};
			name = Debug;
		};
		F914E3042192BFC9004CD821 /* Release */ = {
			isa = XCBuildConfiguration;
			buildSettings = {
				ASSETCATALOG_COMPILER_APPICON_NAME = AppIcon;
				CODE_SIGN_STYLE = Automatic;
				DEVELOPMENT_TEAM = X7Z58ZN387;
				INFOPLIST_FILE = ExpandableTableView/Info.plist;
				LD_RUNPATH_SEARCH_PATHS = (
					"$(inherited)",
					"@executable_path/Frameworks",
				);
				PRODUCT_BUNDLE_IDENTIFIER = com.ExpandableTableView;
				PRODUCT_NAME = "$(TARGET_NAME)";
				SWIFT_VERSION = 4.0;
				TARGETED_DEVICE_FAMILY = "1,2";
			};
			name = Release;
		};
		F914E3062192BFC9004CD821 /* Debug */ = {
			isa = XCBuildConfiguration;
			buildSettings = {
				ALWAYS_EMBED_SWIFT_STANDARD_LIBRARIES = YES;
				BUNDLE_LOADER = "$(TEST_HOST)";
				CODE_SIGN_STYLE = Automatic;
				DEVELOPMENT_TEAM = X7Z58ZN387;
				INFOPLIST_FILE = ExpandableTableViewTests/Info.plist;
				LD_RUNPATH_SEARCH_PATHS = (
					"$(inherited)",
					"@executable_path/Frameworks",
					"@loader_path/Frameworks",
				);
				PRODUCT_BUNDLE_IDENTIFIER = com.ExpandableTableViewTests;
				PRODUCT_NAME = "$(TARGET_NAME)";
				SWIFT_VERSION = 4.0;
				TARGETED_DEVICE_FAMILY = "1,2";
				TEST_HOST = "$(BUILT_PRODUCTS_DIR)/ExpandableTableView.app/ExpandableTableView";
			};
			name = Debug;
		};
		F914E3072192BFC9004CD821 /* Release */ = {
			isa = XCBuildConfiguration;
			buildSettings = {
				ALWAYS_EMBED_SWIFT_STANDARD_LIBRARIES = YES;
				BUNDLE_LOADER = "$(TEST_HOST)";
				CODE_SIGN_STYLE = Automatic;
				DEVELOPMENT_TEAM = X7Z58ZN387;
				INFOPLIST_FILE = ExpandableTableViewTests/Info.plist;
				LD_RUNPATH_SEARCH_PATHS = (
					"$(inherited)",
					"@executable_path/Frameworks",
					"@loader_path/Frameworks",
				);
				PRODUCT_BUNDLE_IDENTIFIER = com.ExpandableTableViewTests;
				PRODUCT_NAME = "$(TARGET_NAME)";
				SWIFT_VERSION = 4.0;
				TARGETED_DEVICE_FAMILY = "1,2";
				TEST_HOST = "$(BUILT_PRODUCTS_DIR)/ExpandableTableView.app/ExpandableTableView";
			};
			name = Release;
		};
		F914E3092192BFC9004CD821 /* Debug */ = {
			isa = XCBuildConfiguration;
			buildSettings = {
				ALWAYS_EMBED_SWIFT_STANDARD_LIBRARIES = YES;
				CODE_SIGN_STYLE = Automatic;
				DEVELOPMENT_TEAM = X7Z58ZN387;
				INFOPLIST_FILE = ExpandableTableViewUITests/Info.plist;
				LD_RUNPATH_SEARCH_PATHS = (
					"$(inherited)",
					"@executable_path/Frameworks",
					"@loader_path/Frameworks",
				);
				PRODUCT_BUNDLE_IDENTIFIER = com.ExpandableTableViewUITests;
				PRODUCT_NAME = "$(TARGET_NAME)";
				SWIFT_VERSION = 4.0;
				TARGETED_DEVICE_FAMILY = "1,2";
				TEST_TARGET_NAME = ExpandableTableView;
			};
			name = Debug;
		};
		F914E30A2192BFC9004CD821 /* Release */ = {
			isa = XCBuildConfiguration;
			buildSettings = {
				ALWAYS_EMBED_SWIFT_STANDARD_LIBRARIES = YES;
				CODE_SIGN_STYLE = Automatic;
				DEVELOPMENT_TEAM = X7Z58ZN387;
				INFOPLIST_FILE = ExpandableTableViewUITests/Info.plist;
				LD_RUNPATH_SEARCH_PATHS = (
					"$(inherited)",
					"@executable_path/Frameworks",
					"@loader_path/Frameworks",
				);
				PRODUCT_BUNDLE_IDENTIFIER = com.ExpandableTableViewUITests;
				PRODUCT_NAME = "$(TARGET_NAME)";
				SWIFT_VERSION = 4.0;
				TARGETED_DEVICE_FAMILY = "1,2";
				TEST_TARGET_NAME = ExpandableTableView;
			};
			name = Release;
		};
/* End XCBuildConfiguration section */

/* Begin XCConfigurationList section */
		F914E2D52192BFC7004CD821 /* Build configuration list for PBXProject "ExpandableTableView" */ = {
			isa = XCConfigurationList;
			buildConfigurations = (
				F914E3002192BFC9004CD821 /* Debug */,
				F914E3012192BFC9004CD821 /* Release */,
			);
			defaultConfigurationIsVisible = 0;
			defaultConfigurationName = Release;
		};
		F914E3022192BFC9004CD821 /* Build configuration list for PBXNativeTarget "ExpandableTableView" */ = {
			isa = XCConfigurationList;
			buildConfigurations = (
				F914E3032192BFC9004CD821 /* Debug */,
				F914E3042192BFC9004CD821 /* Release */,
			);
			defaultConfigurationIsVisible = 0;
			defaultConfigurationName = Release;
		};
		F914E3052192BFC9004CD821 /* Build configuration list for PBXNativeTarget "ExpandableTableViewTests" */ = {
			isa = XCConfigurationList;
			buildConfigurations = (
				F914E3062192BFC9004CD821 /* Debug */,
				F914E3072192BFC9004CD821 /* Release */,
			);
			defaultConfigurationIsVisible = 0;
			defaultConfigurationName = Release;
		};
		F914E3082192BFC9004CD821 /* Build configuration list for PBXNativeTarget "ExpandableTableViewUITests" */ = {
			isa = XCConfigurationList;
			buildConfigurations = (
				F914E3092192BFC9004CD821 /* Debug */,
				F914E30A2192BFC9004CD821 /* Release */,
			);
			defaultConfigurationIsVisible = 0;
			defaultConfigurationName = Release;
		};
/* End XCConfigurationList section */
	};
	rootObject = F914E2D22192BFC7004CD821 /* Project object */;
}
